// !$*UTF8*$!
{
	archiveVersion = 1;
	classes = {
	};
	objectVersion = 50;
	objects = {

/* Begin PBXBuildFile section */
		495B8448243701E900CBD05D /* AppDelegate.swift in Sources */ = {isa = PBXBuildFile; fileRef = 495B8447243701E900CBD05D /* AppDelegate.swift */; };
		495B844A243701E900CBD05D /* SceneDelegate.swift in Sources */ = {isa = PBXBuildFile; fileRef = 495B8449243701E900CBD05D /* SceneDelegate.swift */; };
		495B844C243701E900CBD05D /* ContentView.swift in Sources */ = {isa = PBXBuildFile; fileRef = 495B844B243701E900CBD05D /* ContentView.swift */; };
		495B844E243701EC00CBD05D /* Assets.xcassets in Resources */ = {isa = PBXBuildFile; fileRef = 495B844D243701EC00CBD05D /* Assets.xcassets */; };
		495B8451243701EC00CBD05D /* Preview Assets.xcassets in Resources */ = {isa = PBXBuildFile; fileRef = 495B8450243701EC00CBD05D /* Preview Assets.xcassets */; };
		495B8454243701EC00CBD05D /* LaunchScreen.storyboard in Resources */ = {isa = PBXBuildFile; fileRef = 495B8452243701EC00CBD05D /* LaunchScreen.storyboard */; };
		496EDDFB2438485500FD99FA /* CharRow.swift in Sources */ = {isa = PBXBuildFile; fileRef = 496EDDFA2438485500FD99FA /* CharRow.swift */; };
		496EDDFD24384AC700FD99FA /* CharList.swift in Sources */ = {isa = PBXBuildFile; fileRef = 496EDDFC24384AC700FD99FA /* CharList.swift */; };
		496EDDFF24384C8D00FD99FA /* Char.swift in Sources */ = {isa = PBXBuildFile; fileRef = 496EDDFE24384C8D00FD99FA /* Char.swift */; };
		496EDE012438578600FD99FA /* Data.swift in Sources */ = {isa = PBXBuildFile; fileRef = 496EDE002438578600FD99FA /* Data.swift */; };
		496EDE0324385CD200FD99FA /* CharDetail.swift in Sources */ = {isa = PBXBuildFile; fileRef = 496EDE0224385CD200FD99FA /* CharDetail.swift */; };
		496EDE052438631500FD99FA /* Song.swift in Sources */ = {isa = PBXBuildFile; fileRef = 496EDE042438631500FD99FA /* Song.swift */; };
		496EDE072438637400FD99FA /* SongRow.swift in Sources */ = {isa = PBXBuildFile; fileRef = 496EDE062438637400FD99FA /* SongRow.swift */; };
		496EDE092438643800FD99FA /* SongList.swift in Sources */ = {isa = PBXBuildFile; fileRef = 496EDE082438643800FD99FA /* SongList.swift */; };
		496EDE0B243864F200FD99FA /* SongDetail.swift in Sources */ = {isa = PBXBuildFile; fileRef = 496EDE0A243864F200FD99FA /* SongDetail.swift */; };
		496EDE0D2438698900FD99FA /* AppView.swift in Sources */ = {isa = PBXBuildFile; fileRef = 496EDE0C2438698900FD99FA /* AppView.swift */; };
		497254F12439A0C800E92105 /* AnimationTest.swift in Sources */ = {isa = PBXBuildFile; fileRef = 497254F02439A0C800E92105 /* AnimationTest.swift */; };
		49C7E99D243B02B200F38F26 /* SFsymbolTest.swift in Sources */ = {isa = PBXBuildFile; fileRef = 49C7E99C243B02B200F38F26 /* SFsymbolTest.swift */; };
		49C7E99F243B068900F38F26 /* GridLayoutTest.swift in Sources */ = {isa = PBXBuildFile; fileRef = 49C7E99E243B068900F38F26 /* GridLayoutTest.swift */; };
/* End PBXBuildFile section */

/* Begin PBXFileReference section */
		3509AB83243DE47A007213FD /* My_Second_iOS_homework.entitlements */ = {isa = PBXFileReference; lastKnownFileType = text.plist.entitlements; path = My_Second_iOS_homework.entitlements; sourceTree = "<group>"; };
		495B8444243701E900CBD05D /* 邦邦部分角色與歌曲簡介.app */ = {isa = PBXFileReference; explicitFileType = wrapper.application; includeInIndex = 0; path = "邦邦部分角色與歌曲簡介.app"; sourceTree = BUILT_PRODUCTS_DIR; };
		495B8447243701E900CBD05D /* AppDelegate.swift */ = {isa = PBXFileReference; lastKnownFileType = sourcecode.swift; path = AppDelegate.swift; sourceTree = "<group>"; };
		495B8449243701E900CBD05D /* SceneDelegate.swift */ = {isa = PBXFileReference; lastKnownFileType = sourcecode.swift; path = SceneDelegate.swift; sourceTree = "<group>"; };
		495B844B243701E900CBD05D /* ContentView.swift */ = {isa = PBXFileReference; lastKnownFileType = sourcecode.swift; path = ContentView.swift; sourceTree = "<group>"; };
		495B844D243701EC00CBD05D /* Assets.xcassets */ = {isa = PBXFileReference; lastKnownFileType = folder.assetcatalog; path = Assets.xcassets; sourceTree = "<group>"; };
		495B8450243701EC00CBD05D /* Preview Assets.xcassets */ = {isa = PBXFileReference; lastKnownFileType = folder.assetcatalog; path = "Preview Assets.xcassets"; sourceTree = "<group>"; };
		495B8453243701EC00CBD05D /* Base */ = {isa = PBXFileReference; lastKnownFileType = file.storyboard; name = Base; path = Base.lproj/LaunchScreen.storyboard; sourceTree = "<group>"; };
		495B8455243701EC00CBD05D /* Info.plist */ = {isa = PBXFileReference; lastKnownFileType = text.plist.xml; path = Info.plist; sourceTree = "<group>"; };
		496EDDFA2438485500FD99FA /* CharRow.swift */ = {isa = PBXFileReference; lastKnownFileType = sourcecode.swift; path = CharRow.swift; sourceTree = "<group>"; };
		496EDDFC24384AC700FD99FA /* CharList.swift */ = {isa = PBXFileReference; lastKnownFileType = sourcecode.swift; path = CharList.swift; sourceTree = "<group>"; };
		496EDDFE24384C8D00FD99FA /* Char.swift */ = {isa = PBXFileReference; lastKnownFileType = sourcecode.swift; path = Char.swift; sourceTree = "<group>"; };
		496EDE002438578600FD99FA /* Data.swift */ = {isa = PBXFileReference; lastKnownFileType = sourcecode.swift; path = Data.swift; sourceTree = "<group>"; };
		496EDE0224385CD200FD99FA /* CharDetail.swift */ = {isa = PBXFileReference; lastKnownFileType = sourcecode.swift; path = CharDetail.swift; sourceTree = "<group>"; };
		496EDE042438631500FD99FA /* Song.swift */ = {isa = PBXFileReference; lastKnownFileType = sourcecode.swift; path = Song.swift; sourceTree = "<group>"; };
		496EDE062438637400FD99FA /* SongRow.swift */ = {isa = PBXFileReference; lastKnownFileType = sourcecode.swift; path = SongRow.swift; sourceTree = "<group>"; };
		496EDE082438643800FD99FA /* SongList.swift */ = {isa = PBXFileReference; lastKnownFileType = sourcecode.swift; path = SongList.swift; sourceTree = "<group>"; };
		496EDE0A243864F200FD99FA /* SongDetail.swift */ = {isa = PBXFileReference; lastKnownFileType = sourcecode.swift; path = SongDetail.swift; sourceTree = "<group>"; };
		496EDE0C2438698900FD99FA /* AppView.swift */ = {isa = PBXFileReference; lastKnownFileType = sourcecode.swift; path = AppView.swift; sourceTree = "<group>"; };
		497254F02439A0C800E92105 /* AnimationTest.swift */ = {isa = PBXFileReference; lastKnownFileType = sourcecode.swift; path = AnimationTest.swift; sourceTree = "<group>"; };
		49C7E99C243B02B200F38F26 /* SFsymbolTest.swift */ = {isa = PBXFileReference; lastKnownFileType = sourcecode.swift; path = SFsymbolTest.swift; sourceTree = "<group>"; };
		49C7E99E243B068900F38F26 /* GridLayoutTest.swift */ = {isa = PBXFileReference; lastKnownFileType = sourcecode.swift; path = GridLayoutTest.swift; sourceTree = "<group>"; };
/* End PBXFileReference section */

/* Begin PBXFrameworksBuildPhase section */
		495B8441243701E900CBD05D /* Frameworks */ = {
			isa = PBXFrameworksBuildPhase;
			buildActionMask = 2147483647;
			files = (
			);
			runOnlyForDeploymentPostprocessing = 0;
		};
/* End PBXFrameworksBuildPhase section */

/* Begin PBXGroup section */
		495B843B243701E900CBD05D = {
			isa = PBXGroup;
			children = (
				496EDDFE24384C8D00FD99FA /* Char.swift */,
				496EDDFA2438485500FD99FA /* CharRow.swift */,
				496EDDFC24384AC700FD99FA /* CharList.swift */,
				496EDE0224385CD200FD99FA /* CharDetail.swift */,
				496EDE002438578600FD99FA /* Data.swift */,
				496EDE042438631500FD99FA /* Song.swift */,
				496EDE062438637400FD99FA /* SongRow.swift */,
				496EDE082438643800FD99FA /* SongList.swift */,
				496EDE0A243864F200FD99FA /* SongDetail.swift */,
				497254F02439A0C800E92105 /* AnimationTest.swift */,
				49C7E99C243B02B200F38F26 /* SFsymbolTest.swift */,
				49C7E99E243B068900F38F26 /* GridLayoutTest.swift */,
				496EDE0C2438698900FD99FA /* AppView.swift */,
				495B8446243701E900CBD05D /* My_Second_iOS_homework */,
				495B8445243701E900CBD05D /* Products */,
			);
			sourceTree = "<group>";
		};
		495B8445243701E900CBD05D /* Products */ = {
			isa = PBXGroup;
			children = (
				495B8444243701E900CBD05D /* 邦邦部分角色與歌曲簡介.app */,
			);
			name = Products;
			sourceTree = "<group>";
		};
		495B8446243701E900CBD05D /* My_Second_iOS_homework */ = {
			isa = PBXGroup;
			children = (
				3509AB83243DE47A007213FD /* My_Second_iOS_homework.entitlements */,
				495B8447243701E900CBD05D /* AppDelegate.swift */,
				495B8449243701E900CBD05D /* SceneDelegate.swift */,
				495B844B243701E900CBD05D /* ContentView.swift */,
				495B844D243701EC00CBD05D /* Assets.xcassets */,
				495B8452243701EC00CBD05D /* LaunchScreen.storyboard */,
				495B8455243701EC00CBD05D /* Info.plist */,
				495B844F243701EC00CBD05D /* Preview Content */,
			);
			path = My_Second_iOS_homework;
			sourceTree = "<group>";
		};
		495B844F243701EC00CBD05D /* Preview Content */ = {
			isa = PBXGroup;
			children = (
				495B8450243701EC00CBD05D /* Preview Assets.xcassets */,
			);
			path = "Preview Content";
			sourceTree = "<group>";
		};
/* End PBXGroup section */

/* Begin PBXNativeTarget section */
		495B8443243701E900CBD05D /* My_Second_iOS_homework */ = {
			isa = PBXNativeTarget;
			buildConfigurationList = 495B8458243701EC00CBD05D /* Build configuration list for PBXNativeTarget "My_Second_iOS_homework" */;
			buildPhases = (
				495B8440243701E900CBD05D /* Sources */,
				495B8441243701E900CBD05D /* Frameworks */,
				495B8442243701E900CBD05D /* Resources */,
			);
			buildRules = (
			);
			dependencies = (
			);
			name = My_Second_iOS_homework;
			productName = My_Second_iOS_homework;
			productReference = 495B8444243701E900CBD05D /* 邦邦部分角色與歌曲簡介.app */;
			productType = "com.apple.product-type.application";
		};
/* End PBXNativeTarget section */

/* Begin PBXProject section */
		495B843C243701E900CBD05D /* Project object */ = {
			isa = PBXProject;
			attributes = {
				LastSwiftUpdateCheck = 1110;
				LastUpgradeCheck = 1110;
				ORGANIZATIONNAME = User16;
				TargetAttributes = {
					495B8443243701E900CBD05D = {
						CreatedOnToolsVersion = 11.1;
					};
				};
			};
			buildConfigurationList = 495B843F243701E900CBD05D /* Build configuration list for PBXProject "My_Second_iOS_homework" */;
			compatibilityVersion = "Xcode 9.3";
			developmentRegion = en;
			hasScannedForEncodings = 0;
			knownRegions = (
				en,
				Base,
			);
			mainGroup = 495B843B243701E900CBD05D;
			productRefGroup = 495B8445243701E900CBD05D /* Products */;
			projectDirPath = "";
			projectRoot = "";
			targets = (
				495B8443243701E900CBD05D /* My_Second_iOS_homework */,
			);
		};
/* End PBXProject section */

/* Begin PBXResourcesBuildPhase section */
		495B8442243701E900CBD05D /* Resources */ = {
			isa = PBXResourcesBuildPhase;
			buildActionMask = 2147483647;
			files = (
				495B8454243701EC00CBD05D /* LaunchScreen.storyboard in Resources */,
				495B8451243701EC00CBD05D /* Preview Assets.xcassets in Resources */,
				495B844E243701EC00CBD05D /* Assets.xcassets in Resources */,
			);
			runOnlyForDeploymentPostprocessing = 0;
		};
/* End PBXResourcesBuildPhase section */

/* Begin PBXSourcesBuildPhase section */
		495B8440243701E900CBD05D /* Sources */ = {
			isa = PBXSourcesBuildPhase;
			buildActionMask = 2147483647;
			files = (
				496EDE0D2438698900FD99FA /* AppView.swift in Sources */,
				496EDE052438631500FD99FA /* Song.swift in Sources */,
				496EDE0B243864F200FD99FA /* SongDetail.swift in Sources */,
				49C7E99F243B068900F38F26 /* GridLayoutTest.swift in Sources */,
				496EDE012438578600FD99FA /* Data.swift in Sources */,
				495B8448243701E900CBD05D /* AppDelegate.swift in Sources */,
				496EDDFF24384C8D00FD99FA /* Char.swift in Sources */,
				496EDDFD24384AC700FD99FA /* CharList.swift in Sources */,
				49C7E99D243B02B200F38F26 /* SFsymbolTest.swift in Sources */,
				496EDE0324385CD200FD99FA /* CharDetail.swift in Sources */,
				497254F12439A0C800E92105 /* AnimationTest.swift in Sources */,
				496EDE092438643800FD99FA /* SongList.swift in Sources */,
				495B844A243701E900CBD05D /* SceneDelegate.swift in Sources */,
				496EDE072438637400FD99FA /* SongRow.swift in Sources */,
				496EDDFB2438485500FD99FA /* CharRow.swift in Sources */,
				495B844C243701E900CBD05D /* ContentView.swift in Sources */,
			);
			runOnlyForDeploymentPostprocessing = 0;
		};
/* End PBXSourcesBuildPhase section */

/* Begin PBXVariantGroup section */
		495B8452243701EC00CBD05D /* LaunchScreen.storyboard */ = {
			isa = PBXVariantGroup;
			children = (
				495B8453243701EC00CBD05D /* Base */,
			);
			name = LaunchScreen.storyboard;
			sourceTree = "<group>";
		};
/* End PBXVariantGroup section */

/* Begin XCBuildConfiguration section */
		495B8456243701EC00CBD05D /* Debug */ = {
			isa = XCBuildConfiguration;
			buildSettings = {
				ALWAYS_SEARCH_USER_PATHS = NO;
				CLANG_ANALYZER_NONNULL = YES;
				CLANG_ANALYZER_NUMBER_OBJECT_CONVERSION = YES_AGGRESSIVE;
				CLANG_CXX_LANGUAGE_STANDARD = "gnu++14";
				CLANG_CXX_LIBRARY = "libc++";
				CLANG_ENABLE_MODULES = YES;
				CLANG_ENABLE_OBJC_ARC = YES;
				CLANG_ENABLE_OBJC_WEAK = YES;
				CLANG_WARN_BLOCK_CAPTURE_AUTORELEASING = YES;
				CLANG_WARN_BOOL_CONVERSION = YES;
				CLANG_WARN_COMMA = YES;
				CLANG_WARN_CONSTANT_CONVERSION = YES;
				CLANG_WARN_DEPRECATED_OBJC_IMPLEMENTATIONS = YES;
				CLANG_WARN_DIRECT_OBJC_ISA_USAGE = YES_ERROR;
				CLANG_WARN_DOCUMENTATION_COMMENTS = YES;
				CLANG_WARN_EMPTY_BODY = YES;
				CLANG_WARN_ENUM_CONVERSION = YES;
				CLANG_WARN_INFINITE_RECURSION = YES;
				CLANG_WARN_INT_CONVERSION = YES;
				CLANG_WARN_NON_LITERAL_NULL_CONVERSION = YES;
				CLANG_WARN_OBJC_IMPLICIT_RETAIN_SELF = YES;
				CLANG_WARN_OBJC_LITERAL_CONVERSION = YES;
				CLANG_WARN_OBJC_ROOT_CLASS = YES_ERROR;
				CLANG_WARN_RANGE_LOOP_ANALYSIS = YES;
				CLANG_WARN_STRICT_PROTOTYPES = YES;
				CLANG_WARN_SUSPICIOUS_MOVE = YES;
				CLANG_WARN_UNGUARDED_AVAILABILITY = YES_AGGRESSIVE;
				CLANG_WARN_UNREACHABLE_CODE = YES;
				CLANG_WARN__DUPLICATE_METHOD_MATCH = YES;
				COPY_PHASE_STRIP = NO;
				DEBUG_INFORMATION_FORMAT = dwarf;
				ENABLE_STRICT_OBJC_MSGSEND = YES;
				ENABLE_TESTABILITY = YES;
				GCC_C_LANGUAGE_STANDARD = gnu11;
				GCC_DYNAMIC_NO_PIC = NO;
				GCC_NO_COMMON_BLOCKS = YES;
				GCC_OPTIMIZATION_LEVEL = 0;
				GCC_PREPROCESSOR_DEFINITIONS = (
					"DEBUG=1",
					"$(inherited)",
				);
				GCC_WARN_64_TO_32_BIT_CONVERSION = YES;
				GCC_WARN_ABOUT_RETURN_TYPE = YES_ERROR;
				GCC_WARN_UNDECLARED_SELECTOR = YES;
				GCC_WARN_UNINITIALIZED_AUTOS = YES_AGGRESSIVE;
				GCC_WARN_UNUSED_FUNCTION = YES;
				GCC_WARN_UNUSED_VARIABLE = YES;
				IPHONEOS_DEPLOYMENT_TARGET = 13.1;
				MTL_ENABLE_DEBUG_INFO = INCLUDE_SOURCE;
				MTL_FAST_MATH = YES;
				ONLY_ACTIVE_ARCH = YES;
				SDKROOT = iphoneos;
				SWIFT_ACTIVE_COMPILATION_CONDITIONS = DEBUG;
				SWIFT_OPTIMIZATION_LEVEL = "-Onone";
			};
			name = Debug;
		};
		495B8457243701EC00CBD05D /* Release */ = {
			isa = XCBuildConfiguration;
			buildSettings = {
				ALWAYS_SEARCH_USER_PATHS = NO;
				CLANG_ANALYZER_NONNULL = YES;
				CLANG_ANALYZER_NUMBER_OBJECT_CONVERSION = YES_AGGRESSIVE;
				CLANG_CXX_LANGUAGE_STANDARD = "gnu++14";
				CLANG_CXX_LIBRARY = "libc++";
				CLANG_ENABLE_MODULES = YES;
				CLANG_ENABLE_OBJC_ARC = YES;
				CLANG_ENABLE_OBJC_WEAK = YES;
				CLANG_WARN_BLOCK_CAPTURE_AUTORELEASING = YES;
				CLANG_WARN_BOOL_CONVERSION = YES;
				CLANG_WARN_COMMA = YES;
				CLANG_WARN_CONSTANT_CONVERSION = YES;
				CLANG_WARN_DEPRECATED_OBJC_IMPLEMENTATIONS = YES;
				CLANG_WARN_DIRECT_OBJC_ISA_USAGE = YES_ERROR;
				CLANG_WARN_DOCUMENTATION_COMMENTS = YES;
				CLANG_WARN_EMPTY_BODY = YES;
				CLANG_WARN_ENUM_CONVERSION = YES;
				CLANG_WARN_INFINITE_RECURSION = YES;
				CLANG_WARN_INT_CONVERSION = YES;
				CLANG_WARN_NON_LITERAL_NULL_CONVERSION = YES;
				CLANG_WARN_OBJC_IMPLICIT_RETAIN_SELF = YES;
				CLANG_WARN_OBJC_LITERAL_CONVERSION = YES;
				CLANG_WARN_OBJC_ROOT_CLASS = YES_ERROR;
				CLANG_WARN_RANGE_LOOP_ANALYSIS = YES;
				CLANG_WARN_STRICT_PROTOTYPES = YES;
				CLANG_WARN_SUSPICIOUS_MOVE = YES;
				CLANG_WARN_UNGUARDED_AVAILABILITY = YES_AGGRESSIVE;
				CLANG_WARN_UNREACHABLE_CODE = YES;
				CLANG_WARN__DUPLICATE_METHOD_MATCH = YES;
				COPY_PHASE_STRIP = NO;
				DEBUG_INFORMATION_FORMAT = "dwarf-with-dsym";
				ENABLE_NS_ASSERTIONS = NO;
				ENABLE_STRICT_OBJC_MSGSEND = YES;
				GCC_C_LANGUAGE_STANDARD = gnu11;
				GCC_NO_COMMON_BLOCKS = YES;
				GCC_WARN_64_TO_32_BIT_CONVERSION = YES;
				GCC_WARN_ABOUT_RETURN_TYPE = YES_ERROR;
				GCC_WARN_UNDECLARED_SELECTOR = YES;
				GCC_WARN_UNINITIALIZED_AUTOS = YES_AGGRESSIVE;
				GCC_WARN_UNUSED_FUNCTION = YES;
				GCC_WARN_UNUSED_VARIABLE = YES;
				IPHONEOS_DEPLOYMENT_TARGET = 13.1;
				MTL_ENABLE_DEBUG_INFO = NO;
				MTL_FAST_MATH = YES;
				SDKROOT = iphoneos;
				SWIFT_COMPILATION_MODE = wholemodule;
				SWIFT_OPTIMIZATION_LEVEL = "-O";
				VALIDATE_PRODUCT = YES;
			};
			name = Release;
		};
		495B8459243701EC00CBD05D /* Debug */ = {
			isa = XCBuildConfiguration;
			buildSettings = {
				ASSETCATALOG_COMPILER_APPICON_NAME = AppIcon;
				CODE_SIGN_ENTITLEMENTS = My_Second_iOS_homework/My_Second_iOS_homework.entitlements;
				"CODE_SIGN_IDENTITY[sdk=macosx*]" = "-";
				CODE_SIGN_STYLE = Automatic;
				DEVELOPMENT_ASSET_PATHS = "\"My_Second_iOS_homework/Preview Content\"";
				DEVELOPMENT_TEAM = "";
				ENABLE_PREVIEWS = YES;
				INFOPLIST_FILE = My_Second_iOS_homework/Info.plist;
				LD_RUNPATH_SEARCH_PATHS = (
					"$(inherited)",
					"@executable_path/Frameworks",
				);
				PRODUCT_BUNDLE_IDENTIFIER = "com.steven.My-Second-iOS-homework";
				PRODUCT_NAME = "邦邦部分角色與歌曲簡介";
				SUPPORTS_MACCATALYST = NO;
				SWIFT_VERSION = 5.0;
				TARGETED_DEVICE_FAMILY = "1,2";
			};
			name = Debug;
		};
		495B845A243701EC00CBD05D /* Release */ = {
			isa = XCBuildConfiguration;
			buildSettings = {
				ASSETCATALOG_COMPILER_APPICON_NAME = AppIcon;
				CODE_SIGN_ENTITLEMENTS = My_Second_iOS_homework/My_Second_iOS_homework.entitlements;
				"CODE_SIGN_IDENTITY[sdk=macosx*]" = "-";
				CODE_SIGN_STYLE = Automatic;
				DEVELOPMENT_ASSET_PATHS = "\"My_Second_iOS_homework/Preview Content\"";
				DEVELOPMENT_TEAM = "";
				ENABLE_PREVIEWS = YES;
				INFOPLIST_FILE = My_Second_iOS_homework/Info.plist;
				LD_RUNPATH_SEARCH_PATHS = (
					"$(inherited)",
					"@executable_path/Frameworks",
				);
				PRODUCT_BUNDLE_IDENTIFIER = "com.steven.My-Second-iOS-homework";
				PRODUCT_NAME = "邦邦部分角色與歌曲簡介";
				SUPPORTS_MACCATALYST = NO;
				SWIFT_VERSION = 5.0;
				TARGETED_DEVICE_FAMILY = "1,2";
			};
			name = Release;
		};
/* End XCBuildConfiguration section */

/* Begin XCConfigurationList section */
		495B843F243701E900CBD05D /* Build configuration list for PBXProject "My_Second_iOS_homework" */ = {
			isa = XCConfigurationList;
			buildConfigurations = (
				495B8456243701EC00CBD05D /* Debug */,
				495B8457243701EC00CBD05D /* Release */,
			);
			defaultConfigurationIsVisible = 0;
			defaultConfigurationName = Release;
		};
		495B8458243701EC00CBD05D /* Build configuration list for PBXNativeTarget "My_Second_iOS_homework" */ = {
			isa = XCConfigurationList;
			buildConfigurations = (
				495B8459243701EC00CBD05D /* Debug */,
				495B845A243701EC00CBD05D /* Release */,
			);
			defaultConfigurationIsVisible = 0;
			defaultConfigurationName = Release;
		};
/* End XCConfigurationList section */
	};
	rootObject = 495B843C243701E900CBD05D /* Project object */;
}
